// !$*UTF8*$!
{
	archiveVersion = 1;
	classes = {
	};
	objectVersion = 50;
	objects = {

/* Begin PBXBuildFile section */
		B5FC9D3823D591DA00E46CA7 /* AppDelegate.swift in Sources */ = {isa = PBXBuildFile; fileRef = B5FC9D3723D591DA00E46CA7 /* AppDelegate.swift */; };
		B5FC9D3A23D591DA00E46CA7 /* SceneDelegate.swift in Sources */ = {isa = PBXBuildFile; fileRef = B5FC9D3923D591DA00E46CA7 /* SceneDelegate.swift */; };
		B5FC9D3C23D591DA00E46CA7 /* ViewController.swift in Sources */ = {isa = PBXBuildFile; fileRef = B5FC9D3B23D591DA00E46CA7 /* ViewController.swift */; };
		B5FC9D3F23D591DA00E46CA7 /* Main.storyboard in Resources */ = {isa = PBXBuildFile; fileRef = B5FC9D3D23D591DA00E46CA7 /* Main.storyboard */; };
		B5FC9D4123D591DC00E46CA7 /* Assets.xcassets in Resources */ = {isa = PBXBuildFile; fileRef = B5FC9D4023D591DC00E46CA7 /* Assets.xcassets */; };
		B5FC9D4423D591DC00E46CA7 /* LaunchScreen.storyboard in Resources */ = {isa = PBXBuildFile; fileRef = B5FC9D4223D591DC00E46CA7 /* LaunchScreen.storyboard */; };
/* End PBXBuildFile section */

/* Begin PBXFileReference section */
		B5FC9D3423D591DA00E46CA7 /* RocheCards.app */ = {isa = PBXFileReference; explicitFileType = wrapper.application; includeInIndex = 0; path = RocheCards.app; sourceTree = BUILT_PRODUCTS_DIR; };
		B5FC9D3723D591DA00E46CA7 /* AppDelegate.swift */ = {isa = PBXFileReference; lastKnownFileType = sourcecode.swift; path = AppDelegate.swift; sourceTree = "<group>"; };
		B5FC9D3923D591DA00E46CA7 /* SceneDelegate.swift */ = {isa = PBXFileReference; lastKnownFileType = sourcecode.swift; path = SceneDelegate.swift; sourceTree = "<group>"; };
		B5FC9D3B23D591DA00E46CA7 /* ViewController.swift */ = {isa = PBXFileReference; lastKnownFileType = sourcecode.swift; path = ViewController.swift; sourceTree = "<group>"; };
		B5FC9D3E23D591DA00E46CA7 /* Base */ = {isa = PBXFileReference; lastKnownFileType = file.storyboard; name = Base; path = Base.lproj/Main.storyboard; sourceTree = "<group>"; };
		B5FC9D4023D591DC00E46CA7 /* Assets.xcassets */ = {isa = PBXFileReference; lastKnownFileType = folder.assetcatalog; path = Assets.xcassets; sourceTree = "<group>"; };
		B5FC9D4323D591DC00E46CA7 /* Base */ = {isa = PBXFileReference; lastKnownFileType = file.storyboard; name = Base; path = Base.lproj/LaunchScreen.storyboard; sourceTree = "<group>"; };
		B5FC9D4523D591DC00E46CA7 /* Info.plist */ = {isa = PBXFileReference; lastKnownFileType = text.plist.xml; path = Info.plist; sourceTree = "<group>"; };
/* End PBXFileReference section */

/* Begin PBXFrameworksBuildPhase section */
		B5FC9D3123D591DA00E46CA7 /* Frameworks */ = {
			isa = PBXFrameworksBuildPhase;
			buildActionMask = 2147483647;
			files = (
			);
			runOnlyForDeploymentPostprocessing = 0;
		};
/* End PBXFrameworksBuildPhase section */

/* Begin PBXGroup section */
		B5FC9D2B23D591DA00E46CA7 = {
			isa = PBXGroup;
			children = (
				B5FC9D3623D591DA00E46CA7 /* RocheCards */,
				B5FC9D3523D591DA00E46CA7 /* Products */,
			);
			sourceTree = "<group>";
		};
		B5FC9D3523D591DA00E46CA7 /* Products */ = {
			isa = PBXGroup;
			children = (
				B5FC9D3423D591DA00E46CA7 /* RocheCards.app */,
			);
			name = Products;
			sourceTree = "<group>";
		};
		B5FC9D3623D591DA00E46CA7 /* RocheCards */ = {
			isa = PBXGroup;
			children = (
				B5FC9D3723D591DA00E46CA7 /* AppDelegate.swift */,
				B5FC9D3923D591DA00E46CA7 /* SceneDelegate.swift */,
				B5FC9D3B23D591DA00E46CA7 /* ViewController.swift */,
				B5FC9D3D23D591DA00E46CA7 /* Main.storyboard */,
				B5FC9D4023D591DC00E46CA7 /* Assets.xcassets */,
				B5FC9D4223D591DC00E46CA7 /* LaunchScreen.storyboard */,
				B5FC9D4523D591DC00E46CA7 /* Info.plist */,
			);
			path = RocheCards;
			sourceTree = "<group>";
		};
/* End PBXGroup section */

/* Begin PBXNativeTarget section */
		B5FC9D3323D591DA00E46CA7 /* RocheCards */ = {
			isa = PBXNativeTarget;
			buildConfigurationList = B5FC9D4823D591DC00E46CA7 /* Build configuration list for PBXNativeTarget "RocheCards" */;
			buildPhases = (
				B5FC9D3023D591DA00E46CA7 /* Sources */,
				B5FC9D3123D591DA00E46CA7 /* Frameworks */,
				B5FC9D3223D591DA00E46CA7 /* Resources */,
			);
			buildRules = (
			);
			dependencies = (
			);
			name = RocheCards;
			productName = RocheCards;
			productReference = B5FC9D3423D591DA00E46CA7 /* RocheCards.app */;
			productType = "com.apple.product-type.application";
		};
/* End PBXNativeTarget section */

/* Begin PBXProject section */
		B5FC9D2C23D591DA00E46CA7 /* Project object */ = {
			isa = PBXProject;
			attributes = {
				LastSwiftUpdateCheck = 1130;
				LastUpgradeCheck = 1130;
				ORGANIZATIONNAME = "Anna Sibirtseva";
				TargetAttributes = {
					B5FC9D3323D591DA00E46CA7 = {
						CreatedOnToolsVersion = 11.3.1;
					};
				};
			};
			buildConfigurationList = B5FC9D2F23D591DA00E46CA7 /* Build configuration list for PBXProject "RocheCards" */;
			compatibilityVersion = "Xcode 9.3";
			developmentRegion = en;
			hasScannedForEncodings = 0;
			knownRegions = (
				en,
				Base,
			);
			mainGroup = B5FC9D2B23D591DA00E46CA7;
			productRefGroup = B5FC9D3523D591DA00E46CA7 /* Products */;
			projectDirPath = "";
			projectRoot = "";
			targets = (
				B5FC9D3323D591DA00E46CA7 /* RocheCards */,
			);
		};
/* End PBXProject section */

/* Begin PBXResourcesBuildPhase section */
		B5FC9D3223D591DA00E46CA7 /* Resources */ = {
			isa = PBXResourcesBuildPhase;
			buildActionMask = 2147483647;
			files = (
				B5FC9D4423D591DC00E46CA7 /* LaunchScreen.storyboard in Resources */,
				B5FC9D4123D591DC00E46CA7 /* Assets.xcassets in Resources */,
				B5FC9D3F23D591DA00E46CA7 /* Main.storyboard in Resources */,
			);
			runOnlyForDeploymentPostprocessing = 0;
		};
/* End PBXResourcesBuildPhase section */

/* Begin PBXSourcesBuildPhase section */
		B5FC9D3023D591DA00E46CA7 /* Sources */ = {
			isa = PBXSourcesBuildPhase;
			buildActionMask = 2147483647;
			files = (
				B5FC9D3C23D591DA00E46CA7 /* ViewController.swift in Sources */,
				B5FC9D3823D591DA00E46CA7 /* AppDelegate.swift in Sources */,
				B5FC9D3A23D591DA00E46CA7 /* SceneDelegate.swift in Sources */,
			);
			runOnlyForDeploymentPostprocessing = 0;
		};
/* End PBXSourcesBuildPhase section */

/* Begin PBXVariantGroup section */
		B5FC9D3D23D591DA00E46CA7 /* Main.storyboard */ = {
			isa = PBXVariantGroup;
			children = (
				B5FC9D3E23D591DA00E46CA7 /* Base */,
			);
			name = Main.storyboard;
			sourceTree = "<group>";
		};
		B5FC9D4223D591DC00E46CA7 /* LaunchScreen.storyboard */ = {
			isa = PBXVariantGroup;
			children = (
				B5FC9D4323D591DC00E46CA7 /* Base */,
			);
			name = LaunchScreen.storyboard;
			sourceTree = "<group>";
		};
/* End PBXVariantGroup section */

/* Begin XCBuildConfiguration section */
		B5FC9D4623D591DC00E46CA7 /* Debug */ = {
			isa = XCBuildConfiguration;
			buildSettings = {
				ALWAYS_SEARCH_USER_PATHS = NO;
				CLANG_ANALYZER_NONNULL = YES;
				CLANG_ANALYZER_NUMBER_OBJECT_CONVERSION = YES_AGGRESSIVE;
				CLANG_CXX_LANGUAGE_STANDARD = "gnu++14";
				CLANG_CXX_LIBRARY = "libc++";
				CLANG_ENABLE_MODULES = YES;
				CLANG_ENABLE_OBJC_ARC = YES;
				CLANG_ENABLE_OBJC_WEAK = YES;
				CLANG_WARN_BLOCK_CAPTURE_AUTORELEASING = YES;
				CLANG_WARN_BOOL_CONVERSION = YES;
				CLANG_WARN_COMMA = YES;
				CLANG_WARN_CONSTANT_CONVERSION = YES;
				CLANG_WARN_DEPRECATED_OBJC_IMPLEMENTATIONS = YES;
				CLANG_WARN_DIRECT_OBJC_ISA_USAGE = YES_ERROR;
				CLANG_WARN_DOCUMENTATION_COMMENTS = YES;
				CLANG_WARN_EMPTY_BODY = YES;
				CLANG_WARN_ENUM_CONVERSION = YES;
				CLANG_WARN_INFINITE_RECURSION = YES;
				CLANG_WARN_INT_CONVERSION = YES;
				CLANG_WARN_NON_LITERAL_NULL_CONVERSION = YES;
				CLANG_WARN_OBJC_IMPLICIT_RETAIN_SELF = YES;
				CLANG_WARN_OBJC_LITERAL_CONVERSION = YES;
				CLANG_WARN_OBJC_ROOT_CLASS = YES_ERROR;
				CLANG_WARN_RANGE_LOOP_ANALYSIS = YES;
				CLANG_WARN_STRICT_PROTOTYPES = YES;
				CLANG_WARN_SUSPICIOUS_MOVE = YES;
				CLANG_WARN_UNGUARDED_AVAILABILITY = YES_AGGRESSIVE;
				CLANG_WARN_UNREACHABLE_CODE = YES;
				CLANG_WARN__DUPLICATE_METHOD_MATCH = YES;
				COPY_PHASE_STRIP = NO;
				DEBUG_INFORMATION_FORMAT = dwarf;
				ENABLE_STRICT_OBJC_MSGSEND = YES;
				ENABLE_TESTABILITY = YES;
				GCC_C_LANGUAGE_STANDARD = gnu11;
				GCC_DYNAMIC_NO_PIC = NO;
				GCC_NO_COMMON_BLOCKS = YES;
				GCC_OPTIMIZATION_LEVEL = 0;
				GCC_PREPROCESSOR_DEFINITIONS = (
					"DEBUG=1",
					"$(inherited)",
				);
				GCC_WARN_64_TO_32_BIT_CONVERSION = YES;
				GCC_WARN_ABOUT_RETURN_TYPE = YES_ERROR;
				GCC_WARN_UNDECLARED_SELECTOR = YES;
				GCC_WARN_UNINITIALIZED_AUTOS = YES_AGGRESSIVE;
				GCC_WARN_UNUSED_FUNCTION = YES;
				GCC_WARN_UNUSED_VARIABLE = YES;
				IPHONEOS_DEPLOYMENT_TARGET = 13.2;
				MTL_ENABLE_DEBUG_INFO = INCLUDE_SOURCE;
				MTL_FAST_MATH = YES;
				ONLY_ACTIVE_ARCH = YES;
				SDKROOT = iphoneos;
				SWIFT_ACTIVE_COMPILATION_CONDITIONS = DEBUG;
				SWIFT_OPTIMIZATION_LEVEL = "-Onone";
			};
			name = Debug;
		};
		B5FC9D4723D591DC00E46CA7 /* Release */ = {
			isa = XCBuildConfiguration;
			buildSettings = {
				ALWAYS_SEARCH_USER_PATHS = NO;
				CLANG_ANALYZER_NONNULL = YES;
				CLANG_ANALYZER_NUMBER_OBJECT_CONVERSION = YES_AGGRESSIVE;
				CLANG_CXX_LANGUAGE_STANDARD = "gnu++14";
				CLANG_CXX_LIBRARY = "libc++";
				CLANG_ENABLE_MODULES = YES;
				CLANG_ENABLE_OBJC_ARC = YES;
				CLANG_ENABLE_OBJC_WEAK = YES;
				CLANG_WARN_BLOCK_CAPTURE_AUTORELEASING = YES;
				CLANG_WARN_BOOL_CONVERSION = YES;
				CLANG_WARN_COMMA = YES;
				CLANG_WARN_CONSTANT_CONVERSION = YES;
				CLANG_WARN_DEPRECATED_OBJC_IMPLEMENTATIONS = YES;
				CLANG_WARN_DIRECT_OBJC_ISA_USAGE = YES_ERROR;
				CLANG_WARN_DOCUMENTATION_COMMENTS = YES;
				CLANG_WARN_EMPTY_BODY = YES;
				CLANG_WARN_ENUM_CONVERSION = YES;
				CLANG_WARN_INFINITE_RECURSION = YES;
				CLANG_WARN_INT_CONVERSION = YES;
				CLANG_WARN_NON_LITERAL_NULL_CONVERSION = YES;
				CLANG_WARN_OBJC_IMPLICIT_RETAIN_SELF = YES;
				CLANG_WARN_OBJC_LITERAL_CONVERSION = YES;
				CLANG_WARN_OBJC_ROOT_CLASS = YES_ERROR;
				CLANG_WARN_RANGE_LOOP_ANALYSIS = YES;
				CLANG_WARN_STRICT_PROTOTYPES = YES;
				CLANG_WARN_SUSPICIOUS_MOVE = YES;
				CLANG_WARN_UNGUARDED_AVAILABILITY = YES_AGGRESSIVE;
				CLANG_WARN_UNREACHABLE_CODE = YES;
				CLANG_WARN__DUPLICATE_METHOD_MATCH = YES;
				COPY_PHASE_STRIP = NO;
				DEBUG_INFORMATION_FORMAT = "dwarf-with-dsym";
				ENABLE_NS_ASSERTIONS = NO;
				ENABLE_STRICT_OBJC_MSGSEND = YES;
				GCC_C_LANGUAGE_STANDARD = gnu11;
				GCC_NO_COMMON_BLOCKS = YES;
				GCC_WARN_64_TO_32_BIT_CONVERSION = YES;
				GCC_WARN_ABOUT_RETURN_TYPE = YES_ERROR;
				GCC_WARN_UNDECLARED_SELECTOR = YES;
				GCC_WARN_UNINITIALIZED_AUTOS = YES_AGGRESSIVE;
				GCC_WARN_UNUSED_FUNCTION = YES;
				GCC_WARN_UNUSED_VARIABLE = YES;
				IPHONEOS_DEPLOYMENT_TARGET = 13.2;
				MTL_ENABLE_DEBUG_INFO = NO;
				MTL_FAST_MATH = YES;
				SDKROOT = iphoneos;
				SWIFT_COMPILATION_MODE = wholemodule;
				SWIFT_OPTIMIZATION_LEVEL = "-O";
				VALIDATE_PRODUCT = YES;
			};
			name = Release;
		};
		B5FC9D4923D591DC00E46CA7 /* Debug */ = {
			isa = XCBuildConfiguration;
			buildSettings = {
				ASSETCATALOG_COMPILER_APPICON_NAME = AppIcon;
				CODE_SIGN_STYLE = Automatic;
				DEVELOPMENT_TEAM = 96SDQ92SXN;
				INFOPLIST_FILE = RocheCards/Info.plist;
				LD_RUNPATH_SEARCH_PATHS = (
					"$(inherited)",
					"@executable_path/Frameworks",
				);
				PRODUCT_BUNDLE_IDENTIFIER = com.annas.RocheCards;
				PRODUCT_NAME = "$(TARGET_NAME)";
				SWIFT_VERSION = 5.0;
				TARGETED_DEVICE_FAMILY = "1,2";
			};
			name = Debug;
		};
		B5FC9D4A23D591DC00E46CA7 /* Release */ = {
			isa = XCBuildConfiguration;
			buildSettings = {
				ASSETCATALOG_COMPILER_APPICON_NAME = AppIcon;
				CODE_SIGN_STYLE = Automatic;
				DEVELOPMENT_TEAM = 96SDQ92SXN;
				INFOPLIST_FILE = RocheCards/Info.plist;
				LD_RUNPATH_SEARCH_PATHS = (
					"$(inherited)",
					"@executable_path/Frameworks",
				);
				PRODUCT_BUNDLE_IDENTIFIER = com.annas.RocheCards;
				PRODUCT_NAME = "$(TARGET_NAME)";
				SWIFT_VERSION = 5.0;
				TARGETED_DEVICE_FAMILY = "1,2";
			};
			name = Release;
		};
/* End XCBuildConfiguration section */

/* Begin XCConfigurationList section */
		B5FC9D2F23D591DA00E46CA7 /* Build configuration list for PBXProject "RocheCards" */ = {
			isa = XCConfigurationList;
			buildConfigurations = (
				B5FC9D4623D591DC00E46CA7 /* Debug */,
				B5FC9D4723D591DC00E46CA7 /* Release */,
			);
			defaultConfigurationIsVisible = 0;
			defaultConfigurationName = Release;
		};
		B5FC9D4823D591DC00E46CA7 /* Build configuration list for PBXNativeTarget "RocheCards" */ = {
			isa = XCConfigurationList;
			buildConfigurations = (
				B5FC9D4923D591DC00E46CA7 /* Debug */,
				B5FC9D4A23D591DC00E46CA7 /* Release */,
			);
			defaultConfigurationIsVisible = 0;
			defaultConfigurationName = Release;
		};
/* End XCConfigurationList section */
	};
	rootObject = B5FC9D2C23D591DA00E46CA7 /* Project object */;
}
